// !$*UTF8*$!
{
	archiveVersion = 1;
	classes = {
	};
	objectVersion = 46;
	objects = {

/* Begin PBXBuildFile section */
		82FCC6FB1F2D750800FBE8CC /* AppDelegate.swift in Sources */ = {isa = PBXBuildFile; fileRef = 82FCC6FA1F2D750800FBE8CC /* AppDelegate.swift */; };
		82FCC6FD1F2D750800FBE8CC /* ViewController.swift in Sources */ = {isa = PBXBuildFile; fileRef = 82FCC6FC1F2D750800FBE8CC /* ViewController.swift */; };
		82FCC7001F2D750800FBE8CC /* Main.storyboard in Resources */ = {isa = PBXBuildFile; fileRef = 82FCC6FE1F2D750800FBE8CC /* Main.storyboard */; };
		82FCC7021F2D750800FBE8CC /* Assets.xcassets in Resources */ = {isa = PBXBuildFile; fileRef = 82FCC7011F2D750800FBE8CC /* Assets.xcassets */; };
		82FCC7051F2D750800FBE8CC /* LaunchScreen.storyboard in Resources */ = {isa = PBXBuildFile; fileRef = 82FCC7031F2D750800FBE8CC /* LaunchScreen.storyboard */; };
		EBF0AE3D9AB83B93921A5A7E /* Pods_Facebook_Login_30_07_2017.framework in Frameworks */ = {isa = PBXBuildFile; fileRef = 5AC890F59EA9FAEA54C42B75 /* Pods_Facebook_Login_30_07_2017.framework */; };
/* End PBXBuildFile section */

/* Begin PBXFileReference section */
		108CBBAB0389408CA1D1354E /* Pods-Facebook-Login-30-07-2017.release.xcconfig */ = {isa = PBXFileReference; includeInIndex = 1; lastKnownFileType = text.xcconfig; name = "Pods-Facebook-Login-30-07-2017.release.xcconfig"; path = "Pods/Target Support Files/Pods-Facebook-Login-30-07-2017/Pods-Facebook-Login-30-07-2017.release.xcconfig"; sourceTree = "<group>"; };
		5AC890F59EA9FAEA54C42B75 /* Pods_Facebook_Login_30_07_2017.framework */ = {isa = PBXFileReference; explicitFileType = wrapper.framework; includeInIndex = 0; path = Pods_Facebook_Login_30_07_2017.framework; sourceTree = BUILT_PRODUCTS_DIR; };
		82FCC6F71F2D750800FBE8CC /* Facebook-Login-30-07-2017.app */ = {isa = PBXFileReference; explicitFileType = wrapper.application; includeInIndex = 0; path = "Facebook-Login-30-07-2017.app"; sourceTree = BUILT_PRODUCTS_DIR; };
		82FCC6FA1F2D750800FBE8CC /* AppDelegate.swift */ = {isa = PBXFileReference; lastKnownFileType = sourcecode.swift; path = AppDelegate.swift; sourceTree = "<group>"; };
		82FCC6FC1F2D750800FBE8CC /* ViewController.swift */ = {isa = PBXFileReference; lastKnownFileType = sourcecode.swift; path = ViewController.swift; sourceTree = "<group>"; };
		82FCC6FF1F2D750800FBE8CC /* Base */ = {isa = PBXFileReference; lastKnownFileType = file.storyboard; name = Base; path = Base.lproj/Main.storyboard; sourceTree = "<group>"; };
		82FCC7011F2D750800FBE8CC /* Assets.xcassets */ = {isa = PBXFileReference; lastKnownFileType = folder.assetcatalog; path = Assets.xcassets; sourceTree = "<group>"; };
		82FCC7041F2D750800FBE8CC /* Base */ = {isa = PBXFileReference; lastKnownFileType = file.storyboard; name = Base; path = Base.lproj/LaunchScreen.storyboard; sourceTree = "<group>"; };
		82FCC7061F2D750800FBE8CC /* Info.plist */ = {isa = PBXFileReference; lastKnownFileType = text.plist.xml; path = Info.plist; sourceTree = "<group>"; };
		E389B02991F1F97D8D7FF634 /* Pods-Facebook-Login-30-07-2017.debug.xcconfig */ = {isa = PBXFileReference; includeInIndex = 1; lastKnownFileType = text.xcconfig; name = "Pods-Facebook-Login-30-07-2017.debug.xcconfig"; path = "Pods/Target Support Files/Pods-Facebook-Login-30-07-2017/Pods-Facebook-Login-30-07-2017.debug.xcconfig"; sourceTree = "<group>"; };
/* End PBXFileReference section */

/* Begin PBXFrameworksBuildPhase section */
		82FCC6F41F2D750800FBE8CC /* Frameworks */ = {
			isa = PBXFrameworksBuildPhase;
			buildActionMask = 2147483647;
			files = (
				EBF0AE3D9AB83B93921A5A7E /* Pods_Facebook_Login_30_07_2017.framework in Frameworks */,
			);
			runOnlyForDeploymentPostprocessing = 0;
		};
/* End PBXFrameworksBuildPhase section */

/* Begin PBXGroup section */
		82FCC6EE1F2D750800FBE8CC = {
			isa = PBXGroup;
			children = (
				82FCC6F91F2D750800FBE8CC /* Facebook-Login-30-07-2017 */,
				82FCC6F81F2D750800FBE8CC /* Products */,
				E1DBB489B5C7FED2E9CCE5FB /* Pods */,
				D9B63EA96D55CE0CA42DFA15 /* Frameworks */,
			);
			sourceTree = "<group>";
		};
		82FCC6F81F2D750800FBE8CC /* Products */ = {
			isa = PBXGroup;
			children = (
				82FCC6F71F2D750800FBE8CC /* Facebook-Login-30-07-2017.app */,
			);
			name = Products;
			sourceTree = "<group>";
		};
		82FCC6F91F2D750800FBE8CC /* Facebook-Login-30-07-2017 */ = {
			isa = PBXGroup;
			children = (
				82FCC6FA1F2D750800FBE8CC /* AppDelegate.swift */,
				82FCC6FC1F2D750800FBE8CC /* ViewController.swift */,
				82FCC6FE1F2D750800FBE8CC /* Main.storyboard */,
				82FCC7011F2D750800FBE8CC /* Assets.xcassets */,
				82FCC7031F2D750800FBE8CC /* LaunchScreen.storyboard */,
				82FCC7061F2D750800FBE8CC /* Info.plist */,
			);
			path = "Facebook-Login-30-07-2017";
			sourceTree = "<group>";
		};
		D9B63EA96D55CE0CA42DFA15 /* Frameworks */ = {
			isa = PBXGroup;
			children = (
				5AC890F59EA9FAEA54C42B75 /* Pods_Facebook_Login_30_07_2017.framework */,
			);
			name = Frameworks;
			sourceTree = "<group>";
		};
		E1DBB489B5C7FED2E9CCE5FB /* Pods */ = {
			isa = PBXGroup;
			children = (
				E389B02991F1F97D8D7FF634 /* Pods-Facebook-Login-30-07-2017.debug.xcconfig */,
				108CBBAB0389408CA1D1354E /* Pods-Facebook-Login-30-07-2017.release.xcconfig */,
			);
			name = Pods;
			sourceTree = "<group>";
		};
/* End PBXGroup section */

/* Begin PBXNativeTarget section */
		82FCC6F61F2D750800FBE8CC /* Facebook-Login-30-07-2017 */ = {
			isa = PBXNativeTarget;
			buildConfigurationList = 82FCC7091F2D750800FBE8CC /* Build configuration list for PBXNativeTarget "Facebook-Login-30-07-2017" */;
			buildPhases = (
				772ACFB031638F66496F364B /* [CP] Check Pods Manifest.lock */,
				82FCC6F31F2D750800FBE8CC /* Sources */,
				82FCC6F41F2D750800FBE8CC /* Frameworks */,
				82FCC6F51F2D750800FBE8CC /* Resources */,
				B936C2B5DEB9ED16F93B58D9 /* [CP] Embed Pods Frameworks */,
				C77D3038142CF3CBB42EF239 /* [CP] Copy Pods Resources */,
			);
			buildRules = (
			);
			dependencies = (
			);
			name = "Facebook-Login-30-07-2017";
			productName = "Facebook-Login-30-07-2017";
			productReference = 82FCC6F71F2D750800FBE8CC /* Facebook-Login-30-07-2017.app */;
			productType = "com.apple.product-type.application";
		};
/* End PBXNativeTarget section */

/* Begin PBXProject section */
		82FCC6EF1F2D750800FBE8CC /* Project object */ = {
			isa = PBXProject;
			attributes = {
				LastSwiftUpdateCheck = 0820;
				LastUpgradeCheck = 0820;
				ORGANIZATIONNAME = "Soeng Saravit";
				TargetAttributes = {
					82FCC6F61F2D750800FBE8CC = {
						CreatedOnToolsVersion = 8.2.1;
						DevelopmentTeam = TKR2QX32K8;
						ProvisioningStyle = Automatic;
					};
				};
			};
			buildConfigurationList = 82FCC6F21F2D750800FBE8CC /* Build configuration list for PBXProject "Facebook-Login-30-07-2017" */;
			compatibilityVersion = "Xcode 3.2";
			developmentRegion = English;
			hasScannedForEncodings = 0;
			knownRegions = (
				en,
				Base,
			);
			mainGroup = 82FCC6EE1F2D750800FBE8CC;
			productRefGroup = 82FCC6F81F2D750800FBE8CC /* Products */;
			projectDirPath = "";
			projectRoot = "";
			targets = (
				82FCC6F61F2D750800FBE8CC /* Facebook-Login-30-07-2017 */,
			);
		};
/* End PBXProject section */

/* Begin PBXResourcesBuildPhase section */
		82FCC6F51F2D750800FBE8CC /* Resources */ = {
			isa = PBXResourcesBuildPhase;
			buildActionMask = 2147483647;
			files = (
				82FCC7051F2D750800FBE8CC /* LaunchScreen.storyboard in Resources */,
				82FCC7021F2D750800FBE8CC /* Assets.xcassets in Resources */,
				82FCC7001F2D750800FBE8CC /* Main.storyboard in Resources */,
			);
			runOnlyForDeploymentPostprocessing = 0;
		};
/* End PBXResourcesBuildPhase section */

/* Begin PBXShellScriptBuildPhase section */
		772ACFB031638F66496F364B /* [CP] Check Pods Manifest.lock */ = {
			isa = PBXShellScriptBuildPhase;
			buildActionMask = 2147483647;
			files = (
			);
			inputPaths = (
			);
			name = "[CP] Check Pods Manifest.lock";
			outputPaths = (
			);
			runOnlyForDeploymentPostprocessing = 0;
			shellPath = /bin/sh;
			shellScript = "diff \"${PODS_ROOT}/../Podfile.lock\" \"${PODS_ROOT}/Manifest.lock\" > /dev/null\nif [ $? != 0 ] ; then\n    # print error to STDERR\n    echo \"error: The sandbox is not in sync with the Podfile.lock. Run 'pod install' or update your CocoaPods installation.\" >&2\n    exit 1\nfi\n";
			showEnvVarsInLog = 0;
		};
		B936C2B5DEB9ED16F93B58D9 /* [CP] Embed Pods Frameworks */ = {
			isa = PBXShellScriptBuildPhase;
			buildActionMask = 2147483647;
			files = (
			);
			inputPaths = (
			);
			name = "[CP] Embed Pods Frameworks";
			outputPaths = (
			);
			runOnlyForDeploymentPostprocessing = 0;
			shellPath = /bin/sh;
			shellScript = "\"${SRCROOT}/Pods/Target Support Files/Pods-Facebook-Login-30-07-2017/Pods-Facebook-Login-30-07-2017-frameworks.sh\"\n";
			showEnvVarsInLog = 0;
		};
		C77D3038142CF3CBB42EF239 /* [CP] Copy Pods Resources */ = {
			isa = PBXShellScriptBuildPhase;
			buildActionMask = 2147483647;
			files = (
			);
			inputPaths = (
			);
			name = "[CP] Copy Pods Resources";
			outputPaths = (
			);
			runOnlyForDeploymentPostprocessing = 0;
			shellPath = /bin/sh;
			shellScript = "\"${SRCROOT}/Pods/Target Support Files/Pods-Facebook-Login-30-07-2017/Pods-Facebook-Login-30-07-2017-resources.sh\"\n";
			showEnvVarsInLog = 0;
		};
/* End PBXShellScriptBuildPhase section */

/* Begin PBXSourcesBuildPhase section */
		82FCC6F31F2D750800FBE8CC /* Sources */ = {
			isa = PBXSourcesBuildPhase;
			buildActionMask = 2147483647;
			files = (
				82FCC6FD1F2D750800FBE8CC /* ViewController.swift in Sources */,
				82FCC6FB1F2D750800FBE8CC /* AppDelegate.swift in Sources */,
			);
			runOnlyForDeploymentPostprocessing = 0;
		};
/* End PBXSourcesBuildPhase section */

/* Begin PBXVariantGroup section */
		82FCC6FE1F2D750800FBE8CC /* Main.storyboard */ = {
			isa = PBXVariantGroup;
			children = (
				82FCC6FF1F2D750800FBE8CC /* Base */,
			);
			name = Main.storyboard;
			sourceTree = "<group>";
		};
		82FCC7031F2D750800FBE8CC /* LaunchScreen.storyboard */ = {
			isa = PBXVariantGroup;
			children = (
				82FCC7041F2D750800FBE8CC /* Base */,
			);
			name = LaunchScreen.storyboard;
			sourceTree = "<group>";
		};
/* End PBXVariantGroup section */

/* Begin XCBuildConfiguration section */
		82FCC7071F2D750800FBE8CC /* Debug */ = {
			isa = XCBuildConfiguration;
			buildSettings = {
				ALWAYS_SEARCH_USER_PATHS = NO;
				CLANG_ANALYZER_NONNULL = YES;
				CLANG_CXX_LANGUAGE_STANDARD = "gnu++0x";
				CLANG_CXX_LIBRARY = "libc++";
				CLANG_ENABLE_MODULES = YES;
				CLANG_ENABLE_OBJC_ARC = YES;
				CLANG_WARN_BOOL_CONVERSION = YES;
				CLANG_WARN_CONSTANT_CONVERSION = YES;
				CLANG_WARN_DIRECT_OBJC_ISA_USAGE = YES_ERROR;
				CLANG_WARN_DOCUMENTATION_COMMENTS = YES;
				CLANG_WARN_EMPTY_BODY = YES;
				CLANG_WARN_ENUM_CONVERSION = YES;
				CLANG_WARN_INFINITE_RECURSION = YES;
				CLANG_WARN_INT_CONVERSION = YES;
				CLANG_WARN_OBJC_ROOT_CLASS = YES_ERROR;
				CLANG_WARN_SUSPICIOUS_MOVE = YES;
				CLANG_WARN_UNREACHABLE_CODE = YES;
				CLANG_WARN__DUPLICATE_METHOD_MATCH = YES;
				"CODE_SIGN_IDENTITY[sdk=iphoneos*]" = "iPhone Developer";
				COPY_PHASE_STRIP = NO;
				DEBUG_INFORMATION_FORMAT = dwarf;
				ENABLE_STRICT_OBJC_MSGSEND = YES;
				ENABLE_TESTABILITY = YES;
				GCC_C_LANGUAGE_STANDARD = gnu99;
				GCC_DYNAMIC_NO_PIC = NO;
				GCC_NO_COMMON_BLOCKS = YES;
				GCC_OPTIMIZATION_LEVEL = 0;
				GCC_PREPROCESSOR_DEFINITIONS = (
					"DEBUG=1",
					"$(inherited)",
				);
				GCC_WARN_64_TO_32_BIT_CONVERSION = YES;
				GCC_WARN_ABOUT_RETURN_TYPE = YES_ERROR;
				GCC_WARN_UNDECLARED_SELECTOR = YES;
				GCC_WARN_UNINITIALIZED_AUTOS = YES_AGGRESSIVE;
				GCC_WARN_UNUSED_FUNCTION = YES;
				GCC_WARN_UNUSED_VARIABLE = YES;
				IPHONEOS_DEPLOYMENT_TARGET = 10.2;
				MTL_ENABLE_DEBUG_INFO = YES;
				ONLY_ACTIVE_ARCH = YES;
				SDKROOT = iphoneos;
				SWIFT_ACTIVE_COMPILATION_CONDITIONS = DEBUG;
				SWIFT_OPTIMIZATION_LEVEL = "-Onone";
			};
			name = Debug;
		};
		82FCC7081F2D750800FBE8CC /* Release */ = {
			isa = XCBuildConfiguration;
			buildSettings = {
				ALWAYS_SEARCH_USER_PATHS = NO;
				CLANG_ANALYZER_NONNULL = YES;
				CLANG_CXX_LANGUAGE_STANDARD = "gnu++0x";
				CLANG_CXX_LIBRARY = "libc++";
				CLANG_ENABLE_MODULES = YES;
				CLANG_ENABLE_OBJC_ARC = YES;
				CLANG_WARN_BOOL_CONVERSION = YES;
				CLANG_WARN_CONSTANT_CONVERSION = YES;
				CLANG_WARN_DIRECT_OBJC_ISA_USAGE = YES_ERROR;
				CLANG_WARN_DOCUMENTATION_COMMENTS = YES;
				CLANG_WARN_EMPTY_BODY = YES;
				CLANG_WARN_ENUM_CONVERSION = YES;
				CLANG_WARN_INFINITE_RECURSION = YES;
				CLANG_WARN_INT_CONVERSION = YES;
				CLANG_WARN_OBJC_ROOT_CLASS = YES_ERROR;
				CLANG_WARN_SUSPICIOUS_MOVE = YES;
				CLANG_WARN_UNREACHABLE_CODE = YES;
				CLANG_WARN__DUPLICATE_METHOD_MATCH = YES;
				"CODE_SIGN_IDENTITY[sdk=iphoneos*]" = "iPhone Developer";
				COPY_PHASE_STRIP = NO;
				DEBUG_INFORMATION_FORMAT = "dwarf-with-dsym";
				ENABLE_NS_ASSERTIONS = NO;
				ENABLE_STRICT_OBJC_MSGSEND = YES;
				GCC_C_LANGUAGE_STANDARD = gnu99;
				GCC_NO_COMMON_BLOCKS = YES;
				GCC_WARN_64_TO_32_BIT_CONVERSION = YES;
				GCC_WARN_ABOUT_RETURN_TYPE = YES_ERROR;
				GCC_WARN_UNDECLARED_SELECTOR = YES;
				GCC_WARN_UNINITIALIZED_AUTOS = YES_AGGRESSIVE;
				GCC_WARN_UNUSED_FUNCTION = YES;
				GCC_WARN_UNUSED_VARIABLE = YES;
				IPHONEOS_DEPLOYMENT_TARGET = 10.2;
				MTL_ENABLE_DEBUG_INFO = NO;
				SDKROOT = iphoneos;
				SWIFT_OPTIMIZATION_LEVEL = "-Owholemodule";
				VALIDATE_PRODUCT = YES;
			};
			name = Release;
		};
		82FCC70A1F2D750800FBE8CC /* Debug */ = {
			isa = XCBuildConfiguration;
			baseConfigurationReference = E389B02991F1F97D8D7FF634 /* Pods-Facebook-Login-30-07-2017.debug.xcconfig */;
			buildSettings = {
				ASSETCATALOG_COMPILER_APPICON_NAME = AppIcon;
				DEVELOPMENT_TEAM = TKR2QX32K8;
				INFOPLIST_FILE = "Facebook-Login-30-07-2017/Info.plist";
				LD_RUNPATH_SEARCH_PATHS = "$(inherited) @executable_path/Frameworks";
				PRODUCT_BUNDLE_IDENTIFIER = "com.hrd.Facebook-Login-30-07-2017";
				PRODUCT_NAME = "$(TARGET_NAME)";
				SWIFT_VERSION = 3.0;
			};
			name = Debug;
		};
		82FCC70B1F2D750800FBE8CC /* Release */ = {
			isa = XCBuildConfiguration;
			baseConfigurationReference = 108CBBAB0389408CA1D1354E /* Pods-Facebook-Login-30-07-2017.release.xcconfig */;
			buildSettings = {
				ASSETCATALOG_COMPILER_APPICON_NAME = AppIcon;
				DEVELOPMENT_TEAM = TKR2QX32K8;
				INFOPLIST_FILE = "Facebook-Login-30-07-2017/Info.plist";
				LD_RUNPATH_SEARCH_PATHS = "$(inherited) @executable_path/Frameworks";
				PRODUCT_BUNDLE_IDENTIFIER = "com.hrd.Facebook-Login-30-07-2017";
				PRODUCT_NAME = "$(TARGET_NAME)";
				SWIFT_VERSION = 3.0;
			};
			name = Release;
		};
/* End XCBuildConfiguration section */

/* Begin XCConfigurationList section */
		82FCC6F21F2D750800FBE8CC /* Build configuration list for PBXProject "Facebook-Login-30-07-2017" */ = {
			isa = XCConfigurationList;
			buildConfigurations = (
				82FCC7071F2D750800FBE8CC /* Debug */,
				82FCC7081F2D750800FBE8CC /* Release */,
			);
			defaultConfigurationIsVisible = 0;
			defaultConfigurationName = Release;
		};
		82FCC7091F2D750800FBE8CC /* Build configuration list for PBXNativeTarget "Facebook-Login-30-07-2017" */ = {
			isa = XCConfigurationList;
			buildConfigurations = (
				82FCC70A1F2D750800FBE8CC /* Debug */,
				82FCC70B1F2D750800FBE8CC /* Release */,
			);
			defaultConfigurationIsVisible = 0;
		};
/* End XCConfigurationList section */
	};
	rootObject = 82FCC6EF1F2D750800FBE8CC /* Project object */;
}
